
Microsoft Visual Studio Solution File, Format Version 12.00
# Visual Studio Version 16
VisualStudioVersion = 16.0.30717.126
MinimumVisualStudioVersion = 10.0.40219.1
Project("{FAE04EC0-301F-11D3-BF4B-00C04F79EFBC}") = "GitFirstRepository", "GitFirstRepository\GitFirstRepository.csproj", "{BB09B26E-08DD-4AF4-8E18-9F57DA053927}"
EndProject
Global
	GlobalSection(SolutionConfigurationPlatforms) = preSolution
		Debug|Any CPU = Debug|Any CPU
		Release|Any CPU = Release|Any CPU
	EndGlobalSection
	GlobalSection(ProjectConfigurationPlatforms) = postSolution
		{BB09B26E-08DD-4AF4-8E18-9F57DA053927}.Debug|Any CPU.ActiveCfg = Debug|Any CPU
		{BB09B26E-08DD-4AF4-8E18-9F57DA053927}.Debug|Any CPU.Build.0 = Debug|Any CPU
		{BB09B26E-08DD-4AF4-8E18-9F57DA053927}.Release|Any CPU.ActiveCfg = Release|Any CPU
		{BB09B26E-08DD-4AF4-8E18-9F57DA053927}.Release|Any CPU.Build.0 = Release|Any CPU
	EndGlobalSection
	GlobalSection(SolutionProperties) = preSolution
		HideSolutionNode = FALSE
	EndGlobalSection
	GlobalSection(ExtensibilityGlobals) = postSolution
		SolutionGuid = {557798CD-3A00-4099-B907-D0E22D892C9F}
	EndGlobalSection
EndGlobal
